
Microsoft Visual Studio Solution File, Format Version 12.00
# Visual Studio 2013
VisualStudioVersion = 12.0.21005.1
MinimumVisualStudioVersion = 10.0.40219.1
Project("{6141683F-8A12-4E36-9623-2EB02B2C2303}") = "Setup1", "Setup1\Setup1.isproj", "{FCAA7CB0-E018-43EE-A80A-6077A54C0564}"
	ProjectSection(ProjectDependencies) = postProject
		{0D63AEF9-3AD6-4BAA-8572-096096E37B6C} = {0D63AEF9-3AD6-4BAA-8572-096096E37B6C}
	EndProjectSection
EndProject
Project("{FAE04EC0-301F-11D3-BF4B-00C04F79EFBC}") = "SC Editor de Mensaje", "SC_2.5\SC Editor de Mensaje.csproj", "{0D63AEF9-3AD6-4BAA-8572-096096E37B6C}"
EndProject
Global
	GlobalSection(SolutionConfigurationPlatforms) = preSolution
		CD_ROM|Any CPU = CD_ROM|Any CPU
		Debug|Any CPU = Debug|Any CPU
		DVD-5|Any CPU = DVD-5|Any CPU
		Release|Any CPU = Release|Any CPU
		SingleImage|Any CPU = SingleImage|Any CPU
	EndGlobalSection
	GlobalSection(ProjectConfigurationPlatforms) = postSolution
		{FCAA7CB0-E018-43EE-A80A-6077A54C0564}.CD_ROM|Any CPU.ActiveCfg = CD_ROM
		{FCAA7CB0-E018-43EE-A80A-6077A54C0564}.CD_ROM|Any CPU.Build.0 = CD_ROM
		{FCAA7CB0-E018-43EE-A80A-6077A54C0564}.Debug|Any CPU.ActiveCfg = SingleImage
		{FCAA7CB0-E018-43EE-A80A-6077A54C0564}.Debug|Any CPU.Build.0 = SingleImage
		{FCAA7CB0-E018-43EE-A80A-6077A54C0564}.DVD-5|Any CPU.ActiveCfg = DVD-5
		{FCAA7CB0-E018-43EE-A80A-6077A54C0564}.DVD-5|Any CPU.Build.0 = DVD-5
		{FCAA7CB0-E018-43EE-A80A-6077A54C0564}.Release|Any CPU.ActiveCfg = SingleImage
		{FCAA7CB0-E018-43EE-A80A-6077A54C0564}.Release|Any CPU.Build.0 = SingleImage
		{FCAA7CB0-E018-43EE-A80A-6077A54C0564}.SingleImage|Any CPU.ActiveCfg = SingleImage
		{FCAA7CB0-E018-43EE-A80A-6077A54C0564}.SingleImage|Any CPU.Build.0 = SingleImage
		{0D63AEF9-3AD6-4BAA-8572-096096E37B6C}.CD_ROM|Any CPU.ActiveCfg = Release|Any CPU
		{0D63AEF9-3AD6-4BAA-8572-096096E37B6C}.CD_ROM|Any CPU.Build.0 = Release|Any CPU
		{0D63AEF9-3AD6-4BAA-8572-096096E37B6C}.Debug|Any CPU.ActiveCfg = Debug|Any CPU
		{0D63AEF9-3AD6-4BAA-8572-096096E37B6C}.Debug|Any CPU.Build.0 = Debug|Any CPU
		{0D63AEF9-3AD6-4BAA-8572-096096E37B6C}.DVD-5|Any CPU.ActiveCfg = Debug|Any CPU
		{0D63AEF9-3AD6-4BAA-8572-096096E37B6C}.DVD-5|Any CPU.Build.0 = Debug|Any CPU
		{0D63AEF9-3AD6-4BAA-8572-096096E37B6C}.Release|Any CPU.ActiveCfg = Release|Any CPU
		{0D63AEF9-3AD6-4BAA-8572-096096E37B6C}.Release|Any CPU.Build.0 = Release|Any CPU
		{0D63AEF9-3AD6-4BAA-8572-096096E37B6C}.SingleImage|Any CPU.ActiveCfg = Release|Any CPU
		{0D63AEF9-3AD6-4BAA-8572-096096E37B6C}.SingleImage|Any CPU.Build.0 = Release|Any CPU
	EndGlobalSection
	GlobalSection(SolutionProperties) = preSolution
		HideSolutionNode = FALSE
	EndGlobalSection
EndGlobal
